
Microsoft Visual Studio Solution File, Format Version 12.00
# Visual Studio Version 17
VisualStudioVersion = 17.9.34622.214
MinimumVisualStudioVersion = 10.0.40219.1
Project("{9A19103F-16F7-4668-BE54-9A1E7A4F7556}") = "SocialNetwork", "SocialNetwork\SocialNetwork.csproj", "{5A1334FF-2F0D-4AA9-A038-8EBEA4A8B26F}"
EndProject
Global
	GlobalSection(SolutionConfigurationPlatforms) = preSolution
		Debug|Any CPU = Debug|Any CPU
		Release|Any CPU = Release|Any CPU
	EndGlobalSection
	GlobalSection(ProjectConfigurationPlatforms) = postSolution
		{5A1334FF-2F0D-4AA9-A038-8EBEA4A8B26F}.Debug|Any CPU.ActiveCfg = Debug|Any CPU
		{5A1334FF-2F0D-4AA9-A038-8EBEA4A8B26F}.Debug|Any CPU.Build.0 = Debug|Any CPU
		{5A1334FF-2F0D-4AA9-A038-8EBEA4A8B26F}.Release|Any CPU.ActiveCfg = Release|Any CPU
		{5A1334FF-2F0D-4AA9-A038-8EBEA4A8B26F}.Release|Any CPU.Build.0 = Release|Any CPU
	EndGlobalSection
	GlobalSection(SolutionProperties) = preSolution
		HideSolutionNode = FALSE
	EndGlobalSection
	GlobalSection(ExtensibilityGlobals) = postSolution
		SolutionGuid = {E3B5C5C3-FD33-4AE8-BEF1-C6B1719C199F}
	EndGlobalSection
EndGlobal
